# This file is updated by scripts/update-upstream-lock.sh.
TAILSCALE_TRACK=stable
TAILSCALE_VERSION=1.104.1
TAILSCALE_AMD64_SHA256=108d1d96ecf410d305571e173516f27038f870919a9b89c914a167c6d33a4528
TAILSCALE_ARM64_SHA256=f60294374967f3dfd8cf57bbbd474d6cfce32d123e3a8ddeab82a87940daa806
FNOS_PACKAGE_REVISION=0.5
FNPACK_VERSION=1.2.3
FNPACK_LINUX_AMD64_SHA256=54b97fa7b70968c4d05c79840f5daeff508957d0bb2062fdb0376d00d9615c93
