# This file is updated by scripts/update-upstream-lock.sh.
TAILSCALE_TRACK=stable
TAILSCALE_VERSION=1.102.4
TAILSCALE_AMD64_SHA256=50748df1045e60b5b695f19f4c56b0da36c019948b440fb456b6584a50f0d8b9
TAILSCALE_ARM64_SHA256=9dd1e6a592a014bbaea0103167ffe299adeda4ba14e078ce9c2895364f6c4c3f
FNOS_PACKAGE_REVISION=0.5
FNPACK_VERSION=1.2.3
FNPACK_LINUX_AMD64_SHA256=54b97fa7b70968c4d05c79840f5daeff508957d0bb2062fdb0376d00d9615c93
