# This file is updated by scripts/update-upstream-lock.sh.
TAILSCALE_TRACK=stable
TAILSCALE_VERSION=1.102.3
TAILSCALE_AMD64_SHA256=36ddd9b51be57ffc2990cf76323cfa13643bfbb1b8a969f6183fa164741cdef5
TAILSCALE_ARM64_SHA256=a0fa1b154af8c61f862a2259f559f7396d96c0225f4a863eae2333e1546bbe25
FNOS_PACKAGE_REVISION=0.5
FNPACK_VERSION=1.2.3
FNPACK_LINUX_AMD64_SHA256=54b97fa7b70968c4d05c79840f5daeff508957d0bb2062fdb0376d00d9615c93
